
Microsoft Visual Studio Solution File, Format Version 12.00
# Visual Studio Version 16
VisualStudioVersion = 16.0.30804.86
MinimumVisualStudioVersion = 10.0.40219.1
Project("{FAE04EC0-301F-11D3-BF4B-00C04F79EFBC}") = "Sample.UWP", "Sample\Sample.UWP\Sample.UWP.csproj", "{31E91A6D-4B70-43A2-99A2-FB8B21C78A82}"
EndProject
Project("{FAE04EC0-301F-11D3-BF4B-00C04F79EFBC}") = "Sample.Android", "Sample\Sample.Android\Sample.Android.csproj", "{BFF0E1B5-A87C-46F9-829D-84CF24114233}"
EndProject
Project("{FAE04EC0-301F-11D3-BF4B-00C04F79EFBC}") = "Sample.iOS", "Sample\Sample.iOS\Sample.iOS.csproj", "{DE4CFFDD-9B0F-44B5-8E11-5F00CE1D1FB7}"
EndProject
Project("{9A19103F-16F7-4668-BE54-9A1E7A4F7556}") = "Sample", "Sample\Sample\Sample.csproj", "{E5589E54-CBB2-4C12-8CEE-4F665BD811BA}"
EndProject
Project("{2150E333-8FDC-42A3-9474-1A3956D46DE8}") = "Sample", "Sample", "{E367C426-230E-4962-B113-C906D16E3155}"
EndProject
Project("{2150E333-8FDC-42A3-9474-1A3956D46DE8}") = "Lib", "Lib", "{59EAE415-D56B-45E6-8828-FADDBB2F10E2}"
EndProject
Project("{9A19103F-16F7-4668-BE54-9A1E7A4F7556}") = "NavigationSam", "Lib\NavigationSam\NavigationSam.csproj", "{4ACEDA25-2A0E-47F1-A7E2-2324935CFD9D}"
EndProject
Project("{FAE04EC0-301F-11D3-BF4B-00C04F79EFBC}") = "NavigationSam.Droid", "Lib\NavigationSam.Droid\NavigationSam.Droid.csproj", "{79D01D5A-29C3-4E4B-BCCC-B76359CC7E4E}"
EndProject
Project("{FAE04EC0-301F-11D3-BF4B-00C04F79EFBC}") = "NavigationSam.iOS", "Lib\NavigationSam.iOS\NavigationSam.iOS.csproj", "{6B3D894D-6086-4034-A4A6-7DACD04AF6D3}"
EndProject
Project("{FAE04EC0-301F-11D3-BF4B-00C04F79EFBC}") = "NavigationSam.UWP", "Lib\NavigationSam.UWP\NavigationSam.UWP.csproj", "{0D3FADEE-58E8-41A4-A5BD-D310EBE42942}"
EndProject
Global
	GlobalSection(SolutionConfigurationPlatforms) = preSolution
		Debug|Any CPU = Debug|Any CPU
		Debug|ARM = Debug|ARM
		Debug|ARM64 = Debug|ARM64
		Debug|iPhone = Debug|iPhone
		Debug|iPhoneSimulator = Debug|iPhoneSimulator
		Debug|x64 = Debug|x64
		Debug|x86 = Debug|x86
		Release|Any CPU = Release|Any CPU
		Release|ARM = Release|ARM
		Release|ARM64 = Release|ARM64
		Release|iPhone = Release|iPhone
		Release|iPhoneSimulator = Release|iPhoneSimulator
		Release|x64 = Release|x64
		Release|x86 = Release|x86
	EndGlobalSection
	GlobalSection(ProjectConfigurationPlatforms) = postSolution
		{31E91A6D-4B70-43A2-99A2-FB8B21C78A82}.Debug|Any CPU.ActiveCfg = Debug|x86
		{31E91A6D-4B70-43A2-99A2-FB8B21C78A82}.Debug|Any CPU.Build.0 = Debug|x86
		{31E91A6D-4B70-43A2-99A2-FB8B21C78A82}.Debug|Any CPU.Deploy.0 = Debug|x86
		{31E91A6D-4B70-43A2-99A2-FB8B21C78A82}.Debug|ARM.ActiveCfg = Debug|ARM
		{31E91A6D-4B70-43A2-99A2-FB8B21C78A82}.Debug|ARM.Build.0 = Debug|ARM
		{31E91A6D-4B70-43A2-99A2-FB8B21C78A82}.Debug|ARM.Deploy.0 = Debug|ARM
		{31E91A6D-4B70-43A2-99A2-FB8B21C78A82}.Debug|ARM64.ActiveCfg = Debug|x86
		{31E91A6D-4B70-43A2-99A2-FB8B21C78A82}.Debug|iPhone.ActiveCfg = Debug|x86
		{31E91A6D-4B70-43A2-99A2-FB8B21C78A82}.Debug|iPhone.Build.0 = Debug|x86
		{31E91A6D-4B70-43A2-99A2-FB8B21C78A82}.Debug|iPhone.Deploy.0 = Debug|x86
		{31E91A6D-4B70-43A2-99A2-FB8B21C78A82}.Debug|iPhoneSimulator.ActiveCfg = Debug|x86
		{31E91A6D-4B70-43A2-99A2-FB8B21C78A82}.Debug|iPhoneSimulator.Build.0 = Debug|x86
		{31E91A6D-4B70-43A2-99A2-FB8B21C78A82}.Debug|iPhoneSimulator.Deploy.0 = Debug|x86
		{31E91A6D-4B70-43A2-99A2-FB8B21C78A82}.Debug|x64.ActiveCfg = Debug|x64
		{31E91A6D-4B70-43A2-99A2-FB8B21C78A82}.Debug|x64.Build.0 = Debug|x64
		{31E91A6D-4B70-43A2-99A2-FB8B21C78A82}.Debug|x64.Deploy.0 = Debug|x64
		{31E91A6D-4B70-43A2-99A2-FB8B21C78A82}.Debug|x86.ActiveCfg = Debug|x86
		{31E91A6D-4B70-43A2-99A2-FB8B21C78A82}.Debug|x86.Build.0 = Debug|x86
		{31E91A6D-4B70-43A2-99A2-FB8B21C78A82}.Debug|x86.Deploy.0 = Debug|x86
		{31E91A6D-4B70-43A2-99A2-FB8B21C78A82}.Release|Any CPU.ActiveCfg = Release|x86
		{31E91A6D-4B70-43A2-99A2-FB8B21C78A82}.Release|Any CPU.Build.0 = Release|x86
		{31E91A6D-4B70-43A2-99A2-FB8B21C78A82}.Release|Any CPU.Deploy.0 = Release|x86
		{31E91A6D-4B70-43A2-99A2-FB8B21C78A82}.Release|ARM.ActiveCfg = Release|ARM
		{31E91A6D-4B70-43A2-99A2-FB8B21C78A82}.Release|ARM.Build.0 = Release|ARM
		{31E91A6D-4B70-43A2-99A2-FB8B21C78A82}.Release|ARM.Deploy.0 = Release|ARM
		{31E91A6D-4B70-43A2-99A2-FB8B21C78A82}.Release|ARM64.ActiveCfg = Release|x86
		{31E91A6D-4B70-43A2-99A2-FB8B21C78A82}.Release|iPhone.ActiveCfg = Release|x86
		{31E91A6D-4B70-43A2-99A2-FB8B21C78A82}.Release|iPhone.Build.0 = Release|x86
		{31E91A6D-4B70-43A2-99A2-FB8B21C78A82}.Release|iPhone.Deploy.0 = Release|x86
		{31E91A6D-4B70-43A2-99A2-FB8B21C78A82}.Release|iPhoneSimulator.ActiveCfg = Release|x86
		{31E91A6D-4B70-43A2-99A2-FB8B21C78A82}.Release|iPhoneSimulator.Build.0 = Release|x86
		{31E91A6D-4B70-43A2-99A2-FB8B21C78A82}.Release|iPhoneSimulator.Deploy.0 = Release|x86
		{31E91A6D-4B70-43A2-99A2-FB8B21C78A82}.Release|x64.ActiveCfg = Release|x64
		{31E91A6D-4B70-43A2-99A2-FB8B21C78A82}.Release|x64.Build.0 = Release|x64
		{31E91A6D-4B70-43A2-99A2-FB8B21C78A82}.Release|x64.Deploy.0 = Release|x64
		{31E91A6D-4B70-43A2-99A2-FB8B21C78A82}.Release|x86.ActiveCfg = Release|x86
		{31E91A6D-4B70-43A2-99A2-FB8B21C78A82}.Release|x86.Build.0 = Release|x86
		{31E91A6D-4B70-43A2-99A2-FB8B21C78A82}.Release|x86.Deploy.0 = Release|x86
		{BFF0E1B5-A87C-46F9-829D-84CF24114233}.Debug|Any CPU.ActiveCfg = Debug|Any CPU
		{BFF0E1B5-A87C-46F9-829D-84CF24114233}.Debug|Any CPU.Build.0 = Debug|Any CPU
		{BFF0E1B5-A87C-46F9-829D-84CF24114233}.Debug|Any CPU.Deploy.0 = Debug|Any CPU
		{BFF0E1B5-A87C-46F9-829D-84CF24114233}.Debug|ARM.ActiveCfg = Debug|Any CPU
		{BFF0E1B5-A87C-46F9-829D-84CF24114233}.Debug|ARM.Build.0 = Debug|Any CPU
		{BFF0E1B5-A87C-46F9-829D-84CF24114233}.Debug|ARM.Deploy.0 = Debug|Any CPU
		{BFF0E1B5-A87C-46F9-829D-84CF24114233}.Debug|ARM64.ActiveCfg = Debug|Any CPU
		{BFF0E1B5-A87C-46F9-829D-84CF24114233}.Debug|ARM64.Build.0 = Debug|Any CPU
		{BFF0E1B5-A87C-46F9-829D-84CF24114233}.Debug|ARM64.Deploy.0 = Debug|Any CPU
		{BFF0E1B5-A87C-46F9-829D-84CF24114233}.Debug|iPhone.ActiveCfg = Debug|Any CPU
		{BFF0E1B5-A87C-46F9-829D-84CF24114233}.Debug|iPhone.Build.0 = Debug|Any CPU
		{BFF0E1B5-A87C-46F9-829D-84CF24114233}.Debug|iPhone.Deploy.0 = Debug|Any CPU
		{BFF0E1B5-A87C-46F9-829D-84CF24114233}.Debug|iPhoneSimulator.ActiveCfg = Debug|Any CPU
		{BFF0E1B5-A87C-46F9-829D-84CF24114233}.Debug|iPhoneSimulator.Build.0 = Debug|Any CPU
		{BFF0E1B5-A87C-46F9-829D-84CF24114233}.Debug|iPhoneSimulator.Deploy.0 = Debug|Any CPU
		{BFF0E1B5-A87C-46F9-829D-84CF24114233}.Debug|x64.ActiveCfg = Debug|Any CPU
		{BFF0E1B5-A87C-46F9-829D-84CF24114233}.Debug|x64.Build.0 = Debug|Any CPU
		{BFF0E1B5-A87C-46F9-829D-84CF24114233}.Debug|x64.Deploy.0 = Debug|Any CPU
		{BFF0E1B5-A87C-46F9-829D-84CF24114233}.Debug|x86.ActiveCfg = Debug|Any CPU
		{BFF0E1B5-A87C-46F9-829D-84CF24114233}.Debug|x86.Build.0 = Debug|Any CPU
		{BFF0E1B5-A87C-46F9-829D-84CF24114233}.Debug|x86.Deploy.0 = Debug|Any CPU
		{BFF0E1B5-A87C-46F9-829D-84CF24114233}.Release|Any CPU.ActiveCfg = Release|Any CPU
		{BFF0E1B5-A87C-46F9-829D-84CF24114233}.Release|Any CPU.Build.0 = Release|Any CPU
		{BFF0E1B5-A87C-46F9-829D-84CF24114233}.Release|Any CPU.Deploy.0 = Release|Any CPU
		{BFF0E1B5-A87C-46F9-829D-84CF24114233}.Release|ARM.ActiveCfg = Release|Any CPU
		{BFF0E1B5-A87C-46F9-829D-84CF24114233}.Release|ARM.Build.0 = Release|Any CPU
		{BFF0E1B5-A87C-46F9-829D-84CF24114233}.Release|ARM.Deploy.0 = Release|Any CPU
		{BFF0E1B5-A87C-46F9-829D-84CF24114233}.Release|ARM64.ActiveCfg = Release|Any CPU
		{BFF0E1B5-A87C-46F9-829D-84CF24114233}.Release|ARM64.Build.0 = Release|Any CPU
		{BFF0E1B5-A87C-46F9-829D-84CF24114233}.Release|ARM64.Deploy.0 = Release|Any CPU
		{BFF0E1B5-A87C-46F9-829D-84CF24114233}.Release|iPhone.ActiveCfg = Release|Any CPU
		{BFF0E1B5-A87C-46F9-829D-84CF24114233}.Release|iPhone.Build.0 = Release|Any CPU
		{BFF0E1B5-A87C-46F9-829D-84CF24114233}.Release|iPhone.Deploy.0 = Release|Any CPU
		{BFF0E1B5-A87C-46F9-829D-84CF24114233}.Release|iPhoneSimulator.ActiveCfg = Release|Any CPU
		{BFF0E1B5-A87C-46F9-829D-84CF24114233}.Release|iPhoneSimulator.Build.0 = Release|Any CPU
		{BFF0E1B5-A87C-46F9-829D-84CF24114233}.Release|iPhoneSimulator.Deploy.0 = Release|Any CPU
		{BFF0E1B5-A87C-46F9-829D-84CF24114233}.Release|x64.ActiveCfg = Release|Any CPU
		{BFF0E1B5-A87C-46F9-829D-84CF24114233}.Release|x64.Build.0 = Release|Any CPU
		{BFF0E1B5-A87C-46F9-829D-84CF24114233}.Release|x64.Deploy.0 = Release|Any CPU
		{BFF0E1B5-A87C-46F9-829D-84CF24114233}.Release|x86.ActiveCfg = Release|Any CPU
		{BFF0E1B5-A87C-46F9-829D-84CF24114233}.Release|x86.Build.0 = Release|Any CPU
		{BFF0E1B5-A87C-46F9-829D-84CF24114233}.Release|x86.Deploy.0 = Release|Any CPU
		{DE4CFFDD-9B0F-44B5-8E11-5F00CE1D1FB7}.Debug|Any CPU.ActiveCfg = Debug|iPhoneSimulator
		{DE4CFFDD-9B0F-44B5-8E11-5F00CE1D1FB7}.Debug|Any CPU.Build.0 = Debug|iPhoneSimulator
		{DE4CFFDD-9B0F-44B5-8E11-5F00CE1D1FB7}.Debug|Any CPU.Deploy.0 = Debug|iPhoneSimulator
		{DE4CFFDD-9B0F-44B5-8E11-5F00CE1D1FB7}.Debug|ARM.ActiveCfg = Debug|iPhone
		{DE4CFFDD-9B0F-44B5-8E11-5F00CE1D1FB7}.Debug|ARM.Build.0 = Debug|iPhone
		{DE4CFFDD-9B0F-44B5-8E11-5F00CE1D1FB7}.Debug|ARM.Deploy.0 = Debug|iPhone
		{DE4CFFDD-9B0F-44B5-8E11-5F00CE1D1FB7}.Debug|ARM64.ActiveCfg = Debug|iPhone
		{DE4CFFDD-9B0F-44B5-8E11-5F00CE1D1FB7}.Debug|iPhone.ActiveCfg = Debug|iPhone
		{DE4CFFDD-9B0F-44B5-8E11-5F00CE1D1FB7}.Debug|iPhone.Build.0 = Debug|iPhone
		{DE4CFFDD-9B0F-44B5-8E11-5F00CE1D1FB7}.Debug|iPhone.Deploy.0 = Debug|iPhone
		{DE4CFFDD-9B0F-44B5-8E11-5F00CE1D1FB7}.Debug|iPhoneSimulator.ActiveCfg = Debug|iPhoneSimulator
		{DE4CFFDD-9B0F-44B5-8E11-5F00CE1D1FB7}.Debug|iPhoneSimulator.Build.0 = Debug|iPhoneSimulator
		{DE4CFFDD-9B0F-44B5-8E11-5F00CE1D1FB7}.Debug|iPhoneSimulator.Deploy.0 = Debug|iPhoneSimulator
		{DE4CFFDD-9B0F-44B5-8E11-5F00CE1D1FB7}.Debug|x64.ActiveCfg = Debug|iPhoneSimulator
		{DE4CFFDD-9B0F-44B5-8E11-5F00CE1D1FB7}.Debug|x64.Build.0 = Debug|iPhoneSimulator
		{DE4CFFDD-9B0F-44B5-8E11-5F00CE1D1FB7}.Debug|x64.Deploy.0 = Debug|iPhoneSimulator
		{DE4CFFDD-9B0F-44B5-8E11-5F00CE1D1FB7}.Debug|x86.ActiveCfg = Debug|iPhoneSimulator
		{DE4CFFDD-9B0F-44B5-8E11-5F00CE1D1FB7}.Debug|x86.Build.0 = Debug|iPhoneSimulator
		{DE4CFFDD-9B0F-44B5-8E11-5F00CE1D1FB7}.Debug|x86.Deploy.0 = Debug|iPhoneSimulator
		{DE4CFFDD-9B0F-44B5-8E11-5F00CE1D1FB7}.Release|Any CPU.ActiveCfg = Release|iPhoneSimulator
		{DE4CFFDD-9B0F-44B5-8E11-5F00CE1D1FB7}.Release|Any CPU.Build.0 = Release|iPhoneSimulator
		{DE4CFFDD-9B0F-44B5-8E11-5F00CE1D1FB7}.Release|Any CPU.Deploy.0 = Release|iPhoneSimulator
		{DE4CFFDD-9B0F-44B5-8E11-5F00CE1D1FB7}.Release|ARM.ActiveCfg = Release|iPhoneSimulator
		{DE4CFFDD-9B0F-44B5-8E11-5F00CE1D1FB7}.Release|ARM.Build.0 = Release|iPhoneSimulator
		{DE4CFFDD-9B0F-44B5-8E11-5F00CE1D1FB7}.Release|ARM.Deploy.0 = Release|iPhoneSimulator
		{DE4CFFDD-9B0F-44B5-8E11-5F00CE1D1FB7}.Release|ARM64.ActiveCfg = Release|iPhone
		{DE4CFFDD-9B0F-44B5-8E11-5F00CE1D1FB7}.Release|iPhone.ActiveCfg = Release|iPhone
		{DE4CFFDD-9B0F-44B5-8E11-5F00CE1D1FB7}.Release|iPhone.Build.0 = Release|iPhone
		{DE4CFFDD-9B0F-44B5-8E11-5F00CE1D1FB7}.Release|iPhone.Deploy.0 = Release|iPhone
		{DE4CFFDD-9B0F-44B5-8E11-5F00CE1D1FB7}.Release|iPhoneSimulator.ActiveCfg = Release|iPhoneSimulator
		{DE4CFFDD-9B0F-44B5-8E11-5F00CE1D1FB7}.Release|iPhoneSimulator.Build.0 = Release|iPhoneSimulator
		{DE4CFFDD-9B0F-44B5-8E11-5F00CE1D1FB7}.Release|iPhoneSimulator.Deploy.0 = Release|iPhoneSimulator
		{DE4CFFDD-9B0F-44B5-8E11-5F00CE1D1FB7}.Release|x64.ActiveCfg = Release|iPhoneSimulator
		{DE4CFFDD-9B0F-44B5-8E11-5F00CE1D1FB7}.Release|x64.Build.0 = Release|iPhoneSimulator
		{DE4CFFDD-9B0F-44B5-8E11-5F00CE1D1FB7}.Release|x64.Deploy.0 = Release|iPhoneSimulator
		{DE4CFFDD-9B0F-44B5-8E11-5F00CE1D1FB7}.Release|x86.ActiveCfg = Release|iPhoneSimulator
		{DE4CFFDD-9B0F-44B5-8E11-5F00CE1D1FB7}.Release|x86.Build.0 = Release|iPhoneSimulator
		{DE4CFFDD-9B0F-44B5-8E11-5F00CE1D1FB7}.Release|x86.Deploy.0 = Release|iPhoneSimulator
		{E5589E54-CBB2-4C12-8CEE-4F665BD811BA}.Debug|Any CPU.ActiveCfg = Debug|Any CPU
		{E5589E54-CBB2-4C12-8CEE-4F665BD811BA}.Debug|Any CPU.Build.0 = Debug|Any CPU
		{E5589E54-CBB2-4C12-8CEE-4F665BD811BA}.Debug|Any CPU.Deploy.0 = Debug|Any CPU
		{E5589E54-CBB2-4C12-8CEE-4F665BD811BA}.Debug|ARM.ActiveCfg = Debug|Any CPU
		{E5589E54-CBB2-4C12-8CEE-4F665BD811BA}.Debug|ARM.Build.0 = Debug|Any CPU
		{E5589E54-CBB2-4C12-8CEE-4F665BD811BA}.Debug|ARM.Deploy.0 = Debug|Any CPU
		{E5589E54-CBB2-4C12-8CEE-4F665BD811BA}.Debug|ARM64.ActiveCfg = Debug|Any CPU
		{E5589E54-CBB2-4C12-8CEE-4F665BD811BA}.Debug|ARM64.Build.0 = Debug|Any CPU
		{E5589E54-CBB2-4C12-8CEE-4F665BD811BA}.Debug|iPhone.ActiveCfg = Debug|Any CPU
		{E5589E54-CBB2-4C12-8CEE-4F665BD811BA}.Debug|iPhone.Build.0 = Debug|Any CPU
		{E5589E54-CBB2-4C12-8CEE-4F665BD811BA}.Debug|iPhone.Deploy.0 = Debug|Any CPU
		{E5589E54-CBB2-4C12-8CEE-4F665BD811BA}.Debug|iPhoneSimulator.ActiveCfg = Debug|Any CPU
		{E5589E54-CBB2-4C12-8CEE-4F665BD811BA}.Debug|iPhoneSimulator.Build.0 = Debug|Any CPU
		{E5589E54-CBB2-4C12-8CEE-4F665BD811BA}.Debug|iPhoneSimulator.Deploy.0 = Debug|Any CPU
		{E5589E54-CBB2-4C12-8CEE-4F665BD811BA}.Debug|x64.ActiveCfg = Debug|Any CPU
		{E5589E54-CBB2-4C12-8CEE-4F665BD811BA}.Debug|x64.Build.0 = Debug|Any CPU
		{E5589E54-CBB2-4C12-8CEE-4F665BD811BA}.Debug|x64.Deploy.0 = Debug|Any CPU
		{E5589E54-CBB2-4C12-8CEE-4F665BD811BA}.Debug|x86.ActiveCfg = Debug|Any CPU
		{E5589E54-CBB2-4C12-8CEE-4F665BD811BA}.Debug|x86.Build.0 = Debug|Any CPU
		{E5589E54-CBB2-4C12-8CEE-4F665BD811BA}.Debug|x86.Deploy.0 = Debug|Any CPU
		{E5589E54-CBB2-4C12-8CEE-4F665BD811BA}.Release|Any CPU.ActiveCfg = Release|Any CPU
		{E5589E54-CBB2-4C12-8CEE-4F665BD811BA}.Release|Any CPU.Build.0 = Release|Any CPU
		{E5589E54-CBB2-4C12-8CEE-4F665BD811BA}.Release|Any CPU.Deploy.0 = Release|Any CPU
		{E5589E54-CBB2-4C12-8CEE-4F665BD811BA}.Release|ARM.ActiveCfg = Release|Any CPU
		{E5589E54-CBB2-4C12-8CEE-4F665BD811BA}.Release|ARM.Build.0 = Release|Any CPU
		{E5589E54-CBB2-4C12-8CEE-4F665BD811BA}.Release|ARM.Deploy.0 = Release|Any CPU
		{E5589E54-CBB2-4C12-8CEE-4F665BD811BA}.Release|ARM64.ActiveCfg = Release|Any CPU
		{E5589E54-CBB2-4C12-8CEE-4F665BD811BA}.Release|ARM64.Build.0 = Release|Any CPU
		{E5589E54-CBB2-4C12-8CEE-4F665BD811BA}.Release|iPhone.ActiveCfg = Release|Any CPU
		{E5589E54-CBB2-4C12-8CEE-4F665BD811BA}.Release|iPhone.Build.0 = Release|Any CPU
		{E5589E54-CBB2-4C12-8CEE-4F665BD811BA}.Release|iPhone.Deploy.0 = Release|Any CPU
		{E5589E54-CBB2-4C12-8CEE-4F665BD811BA}.Release|iPhoneSimulator.ActiveCfg = Release|Any CPU
		{E5589E54-CBB2-4C12-8CEE-4F665BD811BA}.Release|iPhoneSimulator.Build.0 = Release|Any CPU
		{E5589E54-CBB2-4C12-8CEE-4F665BD811BA}.Release|iPhoneSimulator.Deploy.0 = Release|Any CPU
		{E5589E54-CBB2-4C12-8CEE-4F665BD811BA}.Release|x64.ActiveCfg = Release|Any CPU
		{E5589E54-CBB2-4C12-8CEE-4F665BD811BA}.Release|x64.Build.0 = Release|Any CPU
		{E5589E54-CBB2-4C12-8CEE-4F665BD811BA}.Release|x64.Deploy.0 = Release|Any CPU
		{E5589E54-CBB2-4C12-8CEE-4F665BD811BA}.Release|x86.ActiveCfg = Release|Any CPU
		{E5589E54-CBB2-4C12-8CEE-4F665BD811BA}.Release|x86.Build.0 = Release|Any CPU
		{E5589E54-CBB2-4C12-8CEE-4F665BD811BA}.Release|x86.Deploy.0 = Release|Any CPU
		{4ACEDA25-2A0E-47F1-A7E2-2324935CFD9D}.Debug|Any CPU.ActiveCfg = Debug|Any CPU
		{4ACEDA25-2A0E-47F1-A7E2-2324935CFD9D}.Debug|Any CPU.Build.0 = Debug|Any CPU
		{4ACEDA25-2A0E-47F1-A7E2-2324935CFD9D}.Debug|ARM.ActiveCfg = Debug|Any CPU
		{4ACEDA25-2A0E-47F1-A7E2-2324935CFD9D}.Debug|ARM.Build.0 = Debug|Any CPU
		{4ACEDA25-2A0E-47F1-A7E2-2324935CFD9D}.Debug|ARM64.ActiveCfg = Debug|Any CPU
		{4ACEDA25-2A0E-47F1-A7E2-2324935CFD9D}.Debug|ARM64.Build.0 = Debug|Any CPU
		{4ACEDA25-2A0E-47F1-A7E2-2324935CFD9D}.Debug|iPhone.ActiveCfg = Debug|Any CPU
		{4ACEDA25-2A0E-47F1-A7E2-2324935CFD9D}.Debug|iPhone.Build.0 = Debug|Any CPU
		{4ACEDA25-2A0E-47F1-A7E2-2324935CFD9D}.Debug|iPhoneSimulator.ActiveCfg = Debug|Any CPU
		{4ACEDA25-2A0E-47F1-A7E2-2324935CFD9D}.Debug|iPhoneSimulator.Build.0 = Debug|Any CPU
		{4ACEDA25-2A0E-47F1-A7E2-2324935CFD9D}.Debug|x64.ActiveCfg = Debug|Any CPU
		{4ACEDA25-2A0E-47F1-A7E2-2324935CFD9D}.Debug|x64.Build.0 = Debug|Any CPU
		{4ACEDA25-2A0E-47F1-A7E2-2324935CFD9D}.Debug|x86.ActiveCfg = Debug|Any CPU
		{4ACEDA25-2A0E-47F1-A7E2-2324935CFD9D}.Debug|x86.Build.0 = Debug|Any CPU
		{4ACEDA25-2A0E-47F1-A7E2-2324935CFD9D}.Release|Any CPU.ActiveCfg = Release|Any CPU
		{4ACEDA25-2A0E-47F1-A7E2-2324935CFD9D}.Release|Any CPU.Build.0 = Release|Any CPU
		{4ACEDA25-2A0E-47F1-A7E2-2324935CFD9D}.Release|ARM.ActiveCfg = Release|Any CPU
		{4ACEDA25-2A0E-47F1-A7E2-2324935CFD9D}.Release|ARM.Build.0 = Release|Any CPU
		{4ACEDA25-2A0E-47F1-A7E2-2324935CFD9D}.Release|ARM64.ActiveCfg = Release|Any CPU
		{4ACEDA25-2A0E-47F1-A7E2-2324935CFD9D}.Release|ARM64.Build.0 = Release|Any CPU
		{4ACEDA25-2A0E-47F1-A7E2-2324935CFD9D}.Release|iPhone.ActiveCfg = Release|Any CPU
		{4ACEDA25-2A0E-47F1-A7E2-2324935CFD9D}.Release|iPhone.Build.0 = Release|Any CPU
		{4ACEDA25-2A0E-47F1-A7E2-2324935CFD9D}.Release|iPhoneSimulator.ActiveCfg = Release|Any CPU
		{4ACEDA25-2A0E-47F1-A7E2-2324935CFD9D}.Release|iPhoneSimulator.Build.0 = Release|Any CPU
		{4ACEDA25-2A0E-47F1-A7E2-2324935CFD9D}.Release|x64.ActiveCfg = Release|Any CPU
		{4ACEDA25-2A0E-47F1-A7E2-2324935CFD9D}.Release|x64.Build.0 = Release|Any CPU
		{4ACEDA25-2A0E-47F1-A7E2-2324935CFD9D}.Release|x86.ActiveCfg = Release|Any CPU
		{4ACEDA25-2A0E-47F1-A7E2-2324935CFD9D}.Release|x86.Build.0 = Release|Any CPU
		{79D01D5A-29C3-4E4B-BCCC-B76359CC7E4E}.Debug|Any CPU.ActiveCfg = Debug|Any CPU
		{79D01D5A-29C3-4E4B-BCCC-B76359CC7E4E}.Debug|Any CPU.Build.0 = Debug|Any CPU
		{79D01D5A-29C3-4E4B-BCCC-B76359CC7E4E}.Debug|ARM.ActiveCfg = Debug|Any CPU
		{79D01D5A-29C3-4E4B-BCCC-B76359CC7E4E}.Debug|ARM.Build.0 = Debug|Any CPU
		{79D01D5A-29C3-4E4B-BCCC-B76359CC7E4E}.Debug|ARM64.ActiveCfg = Debug|Any CPU
		{79D01D5A-29C3-4E4B-BCCC-B76359CC7E4E}.Debug|ARM64.Build.0 = Debug|Any CPU
		{79D01D5A-29C3-4E4B-BCCC-B76359CC7E4E}.Debug|iPhone.ActiveCfg = Debug|Any CPU
		{79D01D5A-29C3-4E4B-BCCC-B76359CC7E4E}.Debug|iPhone.Build.0 = Debug|Any CPU
		{79D01D5A-29C3-4E4B-BCCC-B76359CC7E4E}.Debug|iPhoneSimulator.ActiveCfg = Debug|Any CPU
		{79D01D5A-29C3-4E4B-BCCC-B76359CC7E4E}.Debug|iPhoneSimulator.Build.0 = Debug|Any CPU
		{79D01D5A-29C3-4E4B-BCCC-B76359CC7E4E}.Debug|x64.ActiveCfg = Debug|Any CPU
		{79D01D5A-29C3-4E4B-BCCC-B76359CC7E4E}.Debug|x64.Build.0 = Debug|Any CPU
		{79D01D5A-29C3-4E4B-BCCC-B76359CC7E4E}.Debug|x86.ActiveCfg = Debug|Any CPU
		{79D01D5A-29C3-4E4B-BCCC-B76359CC7E4E}.Debug|x86.Build.0 = Debug|Any CPU
		{79D01D5A-29C3-4E4B-BCCC-B76359CC7E4E}.Release|Any CPU.ActiveCfg = Release|Any CPU
		{79D01D5A-29C3-4E4B-BCCC-B76359CC7E4E}.Release|Any CPU.Build.0 = Release|Any CPU
		{79D01D5A-29C3-4E4B-BCCC-B76359CC7E4E}.Release|ARM.ActiveCfg = Release|Any CPU
		{79D01D5A-29C3-4E4B-BCCC-B76359CC7E4E}.Release|ARM.Build.0 = Release|Any CPU
		{79D01D5A-29C3-4E4B-BCCC-B76359CC7E4E}.Release|ARM64.ActiveCfg = Release|Any CPU
		{79D01D5A-29C3-4E4B-BCCC-B76359CC7E4E}.Release|ARM64.Build.0 = Release|Any CPU
		{79D01D5A-29C3-4E4B-BCCC-B76359CC7E4E}.Release|iPhone.ActiveCfg = Release|Any CPU
		{79D01D5A-29C3-4E4B-BCCC-B76359CC7E4E}.Release|iPhone.Build.0 = Release|Any CPU
		{79D01D5A-29C3-4E4B-BCCC-B76359CC7E4E}.Release|iPhoneSimulator.ActiveCfg = Release|Any CPU
		{79D01D5A-29C3-4E4B-BCCC-B76359CC7E4E}.Release|iPhoneSimulator.Build.0 = Release|Any CPU
		{79D01D5A-29C3-4E4B-BCCC-B76359CC7E4E}.Release|x64.ActiveCfg = Release|Any CPU
		{79D01D5A-29C3-4E4B-BCCC-B76359CC7E4E}.Release|x64.Build.0 = Release|Any CPU
		{79D01D5A-29C3-4E4B-BCCC-B76359CC7E4E}.Release|x86.ActiveCfg = Release|Any CPU
		{79D01D5A-29C3-4E4B-BCCC-B76359CC7E4E}.Release|x86.Build.0 = Release|Any CPU
		{6B3D894D-6086-4034-A4A6-7DACD04AF6D3}.Debug|Any CPU.ActiveCfg = Debug|Any CPU
		{6B3D894D-6086-4034-A4A6-7DACD04AF6D3}.Debug|Any CPU.Build.0 = Debug|Any CPU
		{6B3D894D-6086-4034-A4A6-7DACD04AF6D3}.Debug|ARM.ActiveCfg = Debug|Any CPU
		{6B3D894D-6086-4034-A4A6-7DACD04AF6D3}.Debug|ARM.Build.0 = Debug|Any CPU
		{6B3D894D-6086-4034-A4A6-7DACD04AF6D3}.Debug|ARM64.ActiveCfg = Debug|Any CPU
		{6B3D894D-6086-4034-A4A6-7DACD04AF6D3}.Debug|ARM64.Build.0 = Debug|Any CPU
		{6B3D894D-6086-4034-A4A6-7DACD04AF6D3}.Debug|iPhone.ActiveCfg = Debug|Any CPU
		{6B3D894D-6086-4034-A4A6-7DACD04AF6D3}.Debug|iPhone.Build.0 = Debug|Any CPU
		{6B3D894D-6086-4034-A4A6-7DACD04AF6D3}.Debug|iPhoneSimulator.ActiveCfg = Debug|Any CPU
		{6B3D894D-6086-4034-A4A6-7DACD04AF6D3}.Debug|iPhoneSimulator.Build.0 = Debug|Any CPU
		{6B3D894D-6086-4034-A4A6-7DACD04AF6D3}.Debug|x64.ActiveCfg = Debug|Any CPU
		{6B3D894D-6086-4034-A4A6-7DACD04AF6D3}.Debug|x64.Build.0 = Debug|Any CPU
		{6B3D894D-6086-4034-A4A6-7DACD04AF6D3}.Debug|x86.ActiveCfg = Debug|Any CPU
		{6B3D894D-6086-4034-A4A6-7DACD04AF6D3}.Debug|x86.Build.0 = Debug|Any CPU
		{6B3D894D-6086-4034-A4A6-7DACD04AF6D3}.Release|Any CPU.ActiveCfg = Release|Any CPU
		{6B3D894D-6086-4034-A4A6-7DACD04AF6D3}.Release|Any CPU.Build.0 = Release|Any CPU
		{6B3D894D-6086-4034-A4A6-7DACD04AF6D3}.Release|ARM.ActiveCfg = Release|Any CPU
		{6B3D894D-6086-4034-A4A6-7DACD04AF6D3}.Release|ARM.Build.0 = Release|Any CPU
		{6B3D894D-6086-4034-A4A6-7DACD04AF6D3}.Release|ARM64.ActiveCfg = Release|Any CPU
		{6B3D894D-6086-4034-A4A6-7DACD04AF6D3}.Release|ARM64.Build.0 = Release|Any CPU
		{6B3D894D-6086-4034-A4A6-7DACD04AF6D3}.Release|iPhone.ActiveCfg = Release|Any CPU
		{6B3D894D-6086-4034-A4A6-7DACD04AF6D3}.Release|iPhone.Build.0 = Release|Any CPU
		{6B3D894D-6086-4034-A4A6-7DACD04AF6D3}.Release|iPhoneSimulator.ActiveCfg = Release|Any CPU
		{6B3D894D-6086-4034-A4A6-7DACD04AF6D3}.Release|iPhoneSimulator.Build.0 = Release|Any CPU
		{6B3D894D-6086-4034-A4A6-7DACD04AF6D3}.Release|x64.ActiveCfg = Release|Any CPU
		{6B3D894D-6086-4034-A4A6-7DACD04AF6D3}.Release|x64.Build.0 = Release|Any CPU
		{6B3D894D-6086-4034-A4A6-7DACD04AF6D3}.Release|x86.ActiveCfg = Release|Any CPU
		{6B3D894D-6086-4034-A4A6-7DACD04AF6D3}.Release|x86.Build.0 = Release|Any CPU
		{0D3FADEE-58E8-41A4-A5BD-D310EBE42942}.Debug|Any CPU.ActiveCfg = Debug|Any CPU
		{0D3FADEE-58E8-41A4-A5BD-D310EBE42942}.Debug|Any CPU.Build.0 = Debug|Any CPU
		{0D3FADEE-58E8-41A4-A5BD-D310EBE42942}.Debug|ARM.ActiveCfg = Debug|ARM
		{0D3FADEE-58E8-41A4-A5BD-D310EBE42942}.Debug|ARM.Build.0 = Debug|ARM
		{0D3FADEE-58E8-41A4-A5BD-D310EBE42942}.Debug|ARM64.ActiveCfg = Debug|ARM64
		{0D3FADEE-58E8-41A4-A5BD-D310EBE42942}.Debug|ARM64.Build.0 = Debug|ARM64
		{0D3FADEE-58E8-41A4-A5BD-D310EBE42942}.Debug|iPhone.ActiveCfg = Debug|Any CPU
		{0D3FADEE-58E8-41A4-A5BD-D310EBE42942}.Debug|iPhone.Build.0 = Debug|Any CPU
		{0D3FADEE-58E8-41A4-A5BD-D310EBE42942}.Debug|iPhoneSimulator.ActiveCfg = Debug|Any CPU
		{0D3FADEE-58E8-41A4-A5BD-D310EBE42942}.Debug|iPhoneSimulator.Build.0 = Debug|Any CPU
		{0D3FADEE-58E8-41A4-A5BD-D310EBE42942}.Debug|x64.ActiveCfg = Debug|x64
		{0D3FADEE-58E8-41A4-A5BD-D310EBE42942}.Debug|x64.Build.0 = Debug|x64
		{0D3FADEE-58E8-41A4-A5BD-D310EBE42942}.Debug|x86.ActiveCfg = Debug|x86
		{0D3FADEE-58E8-41A4-A5BD-D310EBE42942}.Debug|x86.Build.0 = Debug|x86
		{0D3FADEE-58E8-41A4-A5BD-D310EBE42942}.Release|Any CPU.ActiveCfg = Release|Any CPU
		{0D3FADEE-58E8-41A4-A5BD-D310EBE42942}.Release|Any CPU.Build.0 = Release|Any CPU
		{0D3FADEE-58E8-41A4-A5BD-D310EBE42942}.Release|ARM.ActiveCfg = Release|ARM
		{0D3FADEE-58E8-41A4-A5BD-D310EBE42942}.Release|ARM.Build.0 = Release|ARM
		{0D3FADEE-58E8-41A4-A5BD-D310EBE42942}.Release|ARM64.ActiveCfg = Release|ARM64
		{0D3FADEE-58E8-41A4-A5BD-D310EBE42942}.Release|ARM64.Build.0 = Release|ARM64
		{0D3FADEE-58E8-41A4-A5BD-D310EBE42942}.Release|iPhone.ActiveCfg = Release|Any CPU
		{0D3FADEE-58E8-41A4-A5BD-D310EBE42942}.Release|iPhone.Build.0 = Release|Any CPU
		{0D3FADEE-58E8-41A4-A5BD-D310EBE42942}.Release|iPhoneSimulator.ActiveCfg = Release|Any CPU
		{0D3FADEE-58E8-41A4-A5BD-D310EBE42942}.Release|iPhoneSimulator.Build.0 = Release|Any CPU
		{0D3FADEE-58E8-41A4-A5BD-D310EBE42942}.Release|x64.ActiveCfg = Release|x64
		{0D3FADEE-58E8-41A4-A5BD-D310EBE42942}.Release|x64.Build.0 = Release|x64
		{0D3FADEE-58E8-41A4-A5BD-D310EBE42942}.Release|x86.ActiveCfg = Release|x86
		{0D3FADEE-58E8-41A4-A5BD-D310EBE42942}.Release|x86.Build.0 = Release|x86
	EndGlobalSection
	GlobalSection(SolutionProperties) = preSolution
		HideSolutionNode = FALSE
	EndGlobalSection
	GlobalSection(NestedProjects) = preSolution
		{31E91A6D-4B70-43A2-99A2-FB8B21C78A82} = {E367C426-230E-4962-B113-C906D16E3155}
		{BFF0E1B5-A87C-46F9-829D-84CF24114233} = {E367C426-230E-4962-B113-C906D16E3155}
		{DE4CFFDD-9B0F-44B5-8E11-5F00CE1D1FB7} = {E367C426-230E-4962-B113-C906D16E3155}
		{E5589E54-CBB2-4C12-8CEE-4F665BD811BA} = {E367C426-230E-4962-B113-C906D16E3155}
		{4ACEDA25-2A0E-47F1-A7E2-2324935CFD9D} = {59EAE415-D56B-45E6-8828-FADDBB2F10E2}
		{79D01D5A-29C3-4E4B-BCCC-B76359CC7E4E} = {59EAE415-D56B-45E6-8828-FADDBB2F10E2}
		{6B3D894D-6086-4034-A4A6-7DACD04AF6D3} = {59EAE415-D56B-45E6-8828-FADDBB2F10E2}
		{0D3FADEE-58E8-41A4-A5BD-D310EBE42942} = {59EAE415-D56B-45E6-8828-FADDBB2F10E2}
	EndGlobalSection
	GlobalSection(ExtensibilityGlobals) = postSolution
		SolutionGuid = {6EA3BC72-6CA9-408F-A213-3909D6B782A6}
	EndGlobalSection
EndGlobal
